
Microsoft Visual Studio Solution File, Format Version 12.00
# Visual Studio Version 17
VisualStudioVersion = 17.8.34309.116
MinimumVisualStudioVersion = 10.0.40219.1
Project("{9A19103F-16F7-4668-BE54-9A1E7A4F7556}") = "TodoList_Application_Layer", "TodoList\TodoList_Application_Layer.csproj", "{4A0350F7-3C5B-4C7C-BB0A-38919E635F52}"
EndProject
Project("{9A19103F-16F7-4668-BE54-9A1E7A4F7556}") = "Data_Access_Layer", "DataAccess\Data_Access_Layer.csproj", "{056091ED-0FF9-4814-88C0-DAC4073F669A}"
EndProject
Project("{9A19103F-16F7-4668-BE54-9A1E7A4F7556}") = "Business_Layer", "Moedl\Business_Layer.csproj", "{311642DB-C661-478F-BB1B-FF1458F5B86F}"
EndProject
Project("{9A19103F-16F7-4668-BE54-9A1E7A4F7556}") = "Test", "Test\Test.csproj", "{B34E6A25-C852-4BA1-9E3E-EF5E30DE4367}"
EndProject
Global
	GlobalSection(SolutionConfigurationPlatforms) = preSolution
		Debug|Any CPU = Debug|Any CPU
		Release|Any CPU = Release|Any CPU
	EndGlobalSection
	GlobalSection(ProjectConfigurationPlatforms) = postSolution
		{4A0350F7-3C5B-4C7C-BB0A-38919E635F52}.Debug|Any CPU.ActiveCfg = Debug|Any CPU
		{4A0350F7-3C5B-4C7C-BB0A-38919E635F52}.Debug|Any CPU.Build.0 = Debug|Any CPU
		{4A0350F7-3C5B-4C7C-BB0A-38919E635F52}.Release|Any CPU.ActiveCfg = Release|Any CPU
		{4A0350F7-3C5B-4C7C-BB0A-38919E635F52}.Release|Any CPU.Build.0 = Release|Any CPU
		{056091ED-0FF9-4814-88C0-DAC4073F669A}.Debug|Any CPU.ActiveCfg = Debug|Any CPU
		{056091ED-0FF9-4814-88C0-DAC4073F669A}.Debug|Any CPU.Build.0 = Debug|Any CPU
		{056091ED-0FF9-4814-88C0-DAC4073F669A}.Release|Any CPU.ActiveCfg = Release|Any CPU
		{056091ED-0FF9-4814-88C0-DAC4073F669A}.Release|Any CPU.Build.0 = Release|Any CPU
		{311642DB-C661-478F-BB1B-FF1458F5B86F}.Debug|Any CPU.ActiveCfg = Debug|Any CPU
		{311642DB-C661-478F-BB1B-FF1458F5B86F}.Debug|Any CPU.Build.0 = Debug|Any CPU
		{311642DB-C661-478F-BB1B-FF1458F5B86F}.Release|Any CPU.ActiveCfg = Release|Any CPU
		{311642DB-C661-478F-BB1B-FF1458F5B86F}.Release|Any CPU.Build.0 = Release|Any CPU
		{B34E6A25-C852-4BA1-9E3E-EF5E30DE4367}.Debug|Any CPU.ActiveCfg = Debug|Any CPU
		{B34E6A25-C852-4BA1-9E3E-EF5E30DE4367}.Debug|Any CPU.Build.0 = Debug|Any CPU
		{B34E6A25-C852-4BA1-9E3E-EF5E30DE4367}.Release|Any CPU.ActiveCfg = Release|Any CPU
		{B34E6A25-C852-4BA1-9E3E-EF5E30DE4367}.Release|Any CPU.Build.0 = Release|Any CPU
	EndGlobalSection
	GlobalSection(SolutionProperties) = preSolution
		HideSolutionNode = FALSE
	EndGlobalSection
	GlobalSection(ExtensibilityGlobals) = postSolution
		SolutionGuid = {D5DF9DEA-9764-4B6A-9F64-2EA196122424}
	EndGlobalSection
EndGlobal
